
Microsoft Visual Studio Solution File, Format Version 12.00
# Visual Studio 15
VisualStudioVersion = 15.0.27703.1
MinimumVisualStudioVersion = 10.0.40219.1
Project("{FAE04EC0-301F-11D3-BF4B-00C04F79EFBC}") = "MvvmLightApp", "MvvmLightApp\MvvmLightApp.csproj", "{B10FF902-9A61-408D-94E7-717864A1FE46}"
EndProject
Global
	GlobalSection(SolutionConfigurationPlatforms) = preSolution
		Debug|Any CPU = Debug|Any CPU
		Release|Any CPU = Release|Any CPU
	EndGlobalSection
	GlobalSection(ProjectConfigurationPlatforms) = postSolution
		{B10FF902-9A61-408D-94E7-717864A1FE46}.Debug|Any CPU.ActiveCfg = Debug|Any CPU
		{B10FF902-9A61-408D-94E7-717864A1FE46}.Debug|Any CPU.Build.0 = Debug|Any CPU
		{B10FF902-9A61-408D-94E7-717864A1FE46}.Release|Any CPU.ActiveCfg = Release|Any CPU
		{B10FF902-9A61-408D-94E7-717864A1FE46}.Release|Any CPU.Build.0 = Release|Any CPU
	EndGlobalSection
	GlobalSection(SolutionProperties) = preSolution
		HideSolutionNode = FALSE
	EndGlobalSection
	GlobalSection(ExtensibilityGlobals) = postSolution
		SolutionGuid = {90B5F5D0-80B7-47FD-B9AD-B92D9A11542B}
	EndGlobalSection
EndGlobal
